
Microsoft Visual Studio Solution File, Format Version 12.00
# Visual Studio Version 16
VisualStudioVersion = 16.0.30621.155
MinimumVisualStudioVersion = 10.0.40219.1
Project("{FAE04EC0-301F-11D3-BF4B-00C04F79EFBC}") = "Week 1 Challenges", "Week 1 Challenges\Week 1 Challenges.csproj", "{43E67480-C885-49B0-8B3D-435444AAD242}"
EndProject
Global
	GlobalSection(SolutionConfigurationPlatforms) = preSolution
		Debug|Any CPU = Debug|Any CPU
		Release|Any CPU = Release|Any CPU
	EndGlobalSection
	GlobalSection(ProjectConfigurationPlatforms) = postSolution
		{43E67480-C885-49B0-8B3D-435444AAD242}.Debug|Any CPU.ActiveCfg = Debug|Any CPU
		{43E67480-C885-49B0-8B3D-435444AAD242}.Debug|Any CPU.Build.0 = Debug|Any CPU
		{43E67480-C885-49B0-8B3D-435444AAD242}.Release|Any CPU.ActiveCfg = Release|Any CPU
		{43E67480-C885-49B0-8B3D-435444AAD242}.Release|Any CPU.Build.0 = Release|Any CPU
	EndGlobalSection
	GlobalSection(SolutionProperties) = preSolution
		HideSolutionNode = FALSE
	EndGlobalSection
	GlobalSection(ExtensibilityGlobals) = postSolution
		SolutionGuid = {6E98F953-6529-4D57-95BB-E9730D23B76D}
	EndGlobalSection
EndGlobal
